
Microsoft Visual Studio Solution File, Format Version 12.00
# Visual Studio Version 16
VisualStudioVersion = 16.0.31205.134
MinimumVisualStudioVersion = 10.0.40219.1
Project("{FAE04EC0-301F-11D3-BF4B-00C04F79EFBC}") = "AccessDemo", "AccessDemo\AccessDemo.csproj", "{BB443E65-2D5D-4D08-B517-9AA90099655F}"
EndProject
Project("{FAE04EC0-301F-11D3-BF4B-00C04F79EFBC}") = "AccessDemo2", "AccessDemo2\AccessDemo2.csproj", "{15DBAAAB-8153-45FC-A866-89B67870F34F}"
EndProject
Global
	GlobalSection(SolutionConfigurationPlatforms) = preSolution
		Debug|Any CPU = Debug|Any CPU
		Release|Any CPU = Release|Any CPU
	EndGlobalSection
	GlobalSection(ProjectConfigurationPlatforms) = postSolution
		{BB443E65-2D5D-4D08-B517-9AA90099655F}.Debug|Any CPU.ActiveCfg = Debug|Any CPU
		{BB443E65-2D5D-4D08-B517-9AA90099655F}.Debug|Any CPU.Build.0 = Debug|Any CPU
		{BB443E65-2D5D-4D08-B517-9AA90099655F}.Release|Any CPU.ActiveCfg = Release|Any CPU
		{BB443E65-2D5D-4D08-B517-9AA90099655F}.Release|Any CPU.Build.0 = Release|Any CPU
		{15DBAAAB-8153-45FC-A866-89B67870F34F}.Debug|Any CPU.ActiveCfg = Debug|Any CPU
		{15DBAAAB-8153-45FC-A866-89B67870F34F}.Debug|Any CPU.Build.0 = Debug|Any CPU
		{15DBAAAB-8153-45FC-A866-89B67870F34F}.Release|Any CPU.ActiveCfg = Release|Any CPU
		{15DBAAAB-8153-45FC-A866-89B67870F34F}.Release|Any CPU.Build.0 = Release|Any CPU
	EndGlobalSection
	GlobalSection(SolutionProperties) = preSolution
		HideSolutionNode = FALSE
	EndGlobalSection
	GlobalSection(ExtensibilityGlobals) = postSolution
		SolutionGuid = {5F05A38D-C570-4C4D-9459-3D6A812A36F5}
	EndGlobalSection
EndGlobal
